// !$*UTF8*$!
{
	archiveVersion = 1;
	classes = {
	};
	objectVersion = 55;
	objects = {

/* Begin PBXBuildFile section */
		CC0E3BD628A4493D00CD500C /* Alamofire in Frameworks */ = {isa = PBXBuildFile; productRef = CC0E3BD528A4493D00CD500C /* Alamofire */; };
		CC0E3BE428A44E1C00CD500C /* Alamofire in Frameworks */ = {isa = PBXBuildFile; productRef = CC0E3BE328A44E1C00CD500C /* Alamofire */; };
		CC2BD03728AE23FB0031769A /* FlightsPresenter.swift in Sources */ = {isa = PBXBuildFile; fileRef = CC2BD03628AE23FB0031769A /* FlightsPresenter.swift */; };
		CC2BD03928AE24440031769A /* InfoFlights.swift in Sources */ = {isa = PBXBuildFile; fileRef = CC2BD03828AE24440031769A /* InfoFlights.swift */; };
		CC5AB88328B0DCA900A0260C /* HotelsViewController.swift in Sources */ = {isa = PBXBuildFile; fileRef = CC5AB88128B0DCA900A0260C /* HotelsViewController.swift */; };
		CC5AB88428B0DCA900A0260C /* HotelsViewController.xib in Resources */ = {isa = PBXBuildFile; fileRef = CC5AB88228B0DCA900A0260C /* HotelsViewController.xib */; };
		CC5AB88728B1039200A0260C /* HotelsCell.swift in Sources */ = {isa = PBXBuildFile; fileRef = CC5AB88528B1039200A0260C /* HotelsCell.swift */; };
		CC5AB88828B1039200A0260C /* HotelsCell.xib in Resources */ = {isa = PBXBuildFile; fileRef = CC5AB88628B1039200A0260C /* HotelsCell.xib */; };
		CC5AB88B28B1133B00A0260C /* HotelsPresenter.swift in Sources */ = {isa = PBXBuildFile; fileRef = CC5AB88A28B1133B00A0260C /* HotelsPresenter.swift */; };
		CC5AB89028B15F2600A0260C /* InfoHotel.swift in Sources */ = {isa = PBXBuildFile; fileRef = CC5AB88F28B15F2600A0260C /* InfoHotel.swift */; };
		CC64157E28A2563A0052050E /* AppDelegate.swift in Sources */ = {isa = PBXBuildFile; fileRef = CC64157D28A2563A0052050E /* AppDelegate.swift */; };
		CC64158028A2563A0052050E /* SceneDelegate.swift in Sources */ = {isa = PBXBuildFile; fileRef = CC64157F28A2563A0052050E /* SceneDelegate.swift */; };
		CC64158228A2563A0052050E /* HomeViewController.swift in Sources */ = {isa = PBXBuildFile; fileRef = CC64158128A2563A0052050E /* HomeViewController.swift */; };
		CC64158528A2563A0052050E /* Main.storyboard in Resources */ = {isa = PBXBuildFile; fileRef = CC64158328A2563A0052050E /* Main.storyboard */; };
		CC64158728A2563C0052050E /* Assets.xcassets in Resources */ = {isa = PBXBuildFile; fileRef = CC64158628A2563C0052050E /* Assets.xcassets */; };
		CC64158A28A2563C0052050E /* LaunchScreen.storyboard in Resources */ = {isa = PBXBuildFile; fileRef = CC64158828A2563C0052050E /* LaunchScreen.storyboard */; };
		CC64159628A27B680052050E /* Alamofire in Frameworks */ = {isa = PBXBuildFile; productRef = CC64159528A27B680052050E /* Alamofire */; };
		CC64159828A27BE60052050E /* AlamofireProvaider.swift in Sources */ = {isa = PBXBuildFile; fileRef = CC64159728A27BE60052050E /* AlamofireProvaider.swift */; };
		CC64159A28A28BE80052050E /* PopularFlights.swift in Sources */ = {isa = PBXBuildFile; fileRef = CC64159928A28BE80052050E /* PopularFlights.swift */; };
		CC64159C28A2CFE60052050E /* Constants.swift in Sources */ = {isa = PBXBuildFile; fileRef = CC64159B28A2CFE60052050E /* Constants.swift */; };
		CC64159E28A2D0040052050E /* RestApiProvaiderProtocol.swift in Sources */ = {isa = PBXBuildFile; fileRef = CC64159D28A2D0040052050E /* RestApiProvaiderProtocol.swift */; };
		CC6415A028A2DDB30052050E /* HotelsData.swift in Sources */ = {isa = PBXBuildFile; fileRef = CC64159F28A2DDB30052050E /* HotelsData.swift */; };
		CC6415A628A2E74E0052050E /* FlightsInfo.swift in Sources */ = {isa = PBXBuildFile; fileRef = CC6415A528A2E74E0052050E /* FlightsInfo.swift */; };
		CC6415A828A2FE9E0052050E /* ExcursionInfo.swift in Sources */ = {isa = PBXBuildFile; fileRef = CC6415A728A2FE9E0052050E /* ExcursionInfo.swift */; };
		CC6415AA28A310950052050E /* Autocomplete.swift in Sources */ = {isa = PBXBuildFile; fileRef = CC6415A928A310950052050E /* Autocomplete.swift */; };
		CCCF4B7228A3DB930041ED9E /* PopularFlightsCollectionViewCell.swift in Sources */ = {isa = PBXBuildFile; fileRef = CCCF4B7028A3DB930041ED9E /* PopularFlightsCollectionViewCell.swift */; };
		CCCF4B7328A3DB930041ED9E /* PopularFlightsCollectionViewCell.xib in Resources */ = {isa = PBXBuildFile; fileRef = CCCF4B7128A3DB930041ED9E /* PopularFlightsCollectionViewCell.xib */; };
		CCCF4B7628A3F40B0041ED9E /* PopularCityDate.swift in Sources */ = {isa = PBXBuildFile; fileRef = CCCF4B7528A3F40B0041ED9E /* PopularCityDate.swift */; };
		CCEBA1C128A7EBB1009C4917 /* Presenter.swift in Sources */ = {isa = PBXBuildFile; fileRef = CCEBA1C028A7EBB0009C4917 /* Presenter.swift */; };
		CCEBA1C328A7FB71009C4917 /* ModuleBuilder.swift in Sources */ = {isa = PBXBuildFile; fileRef = CCEBA1C228A7FB71009C4917 /* ModuleBuilder.swift */; };
		CCF87B8028A9195C00929FA9 /* FlightsViewController.swift in Sources */ = {isa = PBXBuildFile; fileRef = CCF87B7E28A9195C00929FA9 /* FlightsViewController.swift */; };
		CCF87B8128A9195C00929FA9 /* FlightsViewController.xib in Resources */ = {isa = PBXBuildFile; fileRef = CCF87B7F28A9195C00929FA9 /* FlightsViewController.xib */; };
		CCF87B8528A987D700929FA9 /* FlightsViewCell.swift in Sources */ = {isa = PBXBuildFile; fileRef = CCF87B8328A987D700929FA9 /* FlightsViewCell.swift */; };
		CCF87B8628A987D700929FA9 /* FlightsViewCell.xib in Resources */ = {isa = PBXBuildFile; fileRef = CCF87B8428A987D700929FA9 /* FlightsViewCell.xib */; };
/* End PBXBuildFile section */

/* Begin PBXFileReference section */
		CC0E3BE028A44DFE00CD500C /* Info.plist */ = {isa = PBXFileReference; fileEncoding = 4; lastKnownFileType = text.plist.xml; path = Info.plist; sourceTree = "<group>"; };
		CC2BD03628AE23FB0031769A /* FlightsPresenter.swift */ = {isa = PBXFileReference; fileEncoding = 4; lastKnownFileType = sourcecode.swift; path = FlightsPresenter.swift; sourceTree = "<group>"; };
		CC2BD03828AE24440031769A /* InfoFlights.swift */ = {isa = PBXFileReference; lastKnownFileType = sourcecode.swift; path = InfoFlights.swift; sourceTree = "<group>"; };
		CC5AB88128B0DCA900A0260C /* HotelsViewController.swift */ = {isa = PBXFileReference; lastKnownFileType = sourcecode.swift; path = HotelsViewController.swift; sourceTree = "<group>"; };
		CC5AB88228B0DCA900A0260C /* HotelsViewController.xib */ = {isa = PBXFileReference; lastKnownFileType = file.xib; path = HotelsViewController.xib; sourceTree = "<group>"; };
		CC5AB88528B1039200A0260C /* HotelsCell.swift */ = {isa = PBXFileReference; lastKnownFileType = sourcecode.swift; path = HotelsCell.swift; sourceTree = "<group>"; };
		CC5AB88628B1039200A0260C /* HotelsCell.xib */ = {isa = PBXFileReference; lastKnownFileType = file.xib; path = HotelsCell.xib; sourceTree = "<group>"; };
		CC5AB88A28B1133B00A0260C /* HotelsPresenter.swift */ = {isa = PBXFileReference; lastKnownFileType = sourcecode.swift; path = HotelsPresenter.swift; sourceTree = "<group>"; };
		CC5AB88F28B15F2600A0260C /* InfoHotel.swift */ = {isa = PBXFileReference; lastKnownFileType = sourcecode.swift; path = InfoHotel.swift; sourceTree = "<group>"; };
		CC64157A28A2563A0052050E /* EasyTrip.app */ = {isa = PBXFileReference; explicitFileType = wrapper.application; includeInIndex = 0; path = EasyTrip.app; sourceTree = BUILT_PRODUCTS_DIR; };
		CC64157D28A2563A0052050E /* AppDelegate.swift */ = {isa = PBXFileReference; lastKnownFileType = sourcecode.swift; path = AppDelegate.swift; sourceTree = "<group>"; };
		CC64157F28A2563A0052050E /* SceneDelegate.swift */ = {isa = PBXFileReference; lastKnownFileType = sourcecode.swift; path = SceneDelegate.swift; sourceTree = "<group>"; };
		CC64158128A2563A0052050E /* HomeViewController.swift */ = {isa = PBXFileReference; lastKnownFileType = sourcecode.swift; path = HomeViewController.swift; sourceTree = "<group>"; };
		CC64158428A2563A0052050E /* Base */ = {isa = PBXFileReference; lastKnownFileType = file.storyboard; name = Base; path = Base.lproj/Main.storyboard; sourceTree = "<group>"; };
		CC64158628A2563C0052050E /* Assets.xcassets */ = {isa = PBXFileReference; lastKnownFileType = folder.assetcatalog; path = Assets.xcassets; sourceTree = "<group>"; };
		CC64158928A2563C0052050E /* Base */ = {isa = PBXFileReference; lastKnownFileType = file.storyboard; name = Base; path = Base.lproj/LaunchScreen.storyboard; sourceTree = "<group>"; };
		CC64159728A27BE60052050E /* AlamofireProvaider.swift */ = {isa = PBXFileReference; lastKnownFileType = sourcecode.swift; path = AlamofireProvaider.swift; sourceTree = "<group>"; };
		CC64159928A28BE80052050E /* PopularFlights.swift */ = {isa = PBXFileReference; lastKnownFileType = sourcecode.swift; path = PopularFlights.swift; sourceTree = "<group>"; };
		CC64159B28A2CFE60052050E /* Constants.swift */ = {isa = PBXFileReference; lastKnownFileType = sourcecode.swift; path = Constants.swift; sourceTree = "<group>"; };
		CC64159D28A2D0040052050E /* RestApiProvaiderProtocol.swift */ = {isa = PBXFileReference; lastKnownFileType = sourcecode.swift; path = RestApiProvaiderProtocol.swift; sourceTree = "<group>"; };
		CC64159F28A2DDB30052050E /* HotelsData.swift */ = {isa = PBXFileReference; lastKnownFileType = sourcecode.swift; path = HotelsData.swift; sourceTree = "<group>"; };
		CC6415A528A2E74E0052050E /* FlightsInfo.swift */ = {isa = PBXFileReference; lastKnownFileType = sourcecode.swift; path = FlightsInfo.swift; sourceTree = "<group>"; };
		CC6415A728A2FE9E0052050E /* ExcursionInfo.swift */ = {isa = PBXFileReference; lastKnownFileType = sourcecode.swift; path = ExcursionInfo.swift; sourceTree = "<group>"; };
		CC6415A928A310950052050E /* Autocomplete.swift */ = {isa = PBXFileReference; lastKnownFileType = sourcecode.swift; path = Autocomplete.swift; sourceTree = "<group>"; };
		CCCF4B7028A3DB930041ED9E /* PopularFlightsCollectionViewCell.swift */ = {isa = PBXFileReference; lastKnownFileType = sourcecode.swift; path = PopularFlightsCollectionViewCell.swift; sourceTree = "<group>"; };
		CCCF4B7128A3DB930041ED9E /* PopularFlightsCollectionViewCell.xib */ = {isa = PBXFileReference; lastKnownFileType = file.xib; path = PopularFlightsCollectionViewCell.xib; sourceTree = "<group>"; };
		CCCF4B7528A3F40B0041ED9E /* PopularCityDate.swift */ = {isa = PBXFileReference; lastKnownFileType = sourcecode.swift; path = PopularCityDate.swift; sourceTree = "<group>"; };
		CCEBA1C028A7EBB0009C4917 /* Presenter.swift */ = {isa = PBXFileReference; lastKnownFileType = sourcecode.swift; path = Presenter.swift; sourceTree = "<group>"; };
		CCEBA1C228A7FB71009C4917 /* ModuleBuilder.swift */ = {isa = PBXFileReference; lastKnownFileType = sourcecode.swift; path = ModuleBuilder.swift; sourceTree = "<group>"; };
		CCF87B7E28A9195C00929FA9 /* FlightsViewController.swift */ = {isa = PBXFileReference; lastKnownFileType = sourcecode.swift; path = FlightsViewController.swift; sourceTree = "<group>"; };
		CCF87B7F28A9195C00929FA9 /* FlightsViewController.xib */ = {isa = PBXFileReference; lastKnownFileType = file.xib; path = FlightsViewController.xib; sourceTree = "<group>"; };
		CCF87B8328A987D700929FA9 /* FlightsViewCell.swift */ = {isa = PBXFileReference; lastKnownFileType = sourcecode.swift; path = FlightsViewCell.swift; sourceTree = "<group>"; };
		CCF87B8428A987D700929FA9 /* FlightsViewCell.xib */ = {isa = PBXFileReference; lastKnownFileType = file.xib; path = FlightsViewCell.xib; sourceTree = "<group>"; };
/* End PBXFileReference section */

/* Begin PBXFrameworksBuildPhase section */
		CC64157728A2563A0052050E /* Frameworks */ = {
			isa = PBXFrameworksBuildPhase;
			buildActionMask = 2147483647;
			files = (
				CC0E3BE428A44E1C00CD500C /* Alamofire in Frameworks */,
				CC64159628A27B680052050E /* Alamofire in Frameworks */,
				CC0E3BD628A4493D00CD500C /* Alamofire in Frameworks */,
			);
			runOnlyForDeploymentPostprocessing = 0;
		};
/* End PBXFrameworksBuildPhase section */

/* Begin PBXGroup section */
		CC2BD03428AE23C20031769A /* FlightsModule */ = {
			isa = PBXGroup;
			children = (
				CC2BD03B28AE24620031769A /* View */,
				CC2BD03528AE23CF0031769A /* Presenter */,
				CC2BD03A28AE24500031769A /* Model */,
			);
			path = FlightsModule;
			sourceTree = "<group>";
		};
		CC2BD03528AE23CF0031769A /* Presenter */ = {
			isa = PBXGroup;
			children = (
				CC2BD03628AE23FB0031769A /* FlightsPresenter.swift */,
			);
			path = Presenter;
			sourceTree = "<group>";
		};
		CC2BD03A28AE24500031769A /* Model */ = {
			isa = PBXGroup;
			children = (
				CC2BD03828AE24440031769A /* InfoFlights.swift */,
			);
			path = Model;
			sourceTree = "<group>";
		};
		CC2BD03B28AE24620031769A /* View */ = {
			isa = PBXGroup;
			children = (
				CCF87B8228A9196700929FA9 /* FlightsViewController */,
			);
			path = View;
			sourceTree = "<group>";
		};
		CC5AB88928B103A500A0260C /* HotelsCell */ = {
			isa = PBXGroup;
			children = (
				CC5AB88528B1039200A0260C /* HotelsCell.swift */,
				CC5AB88628B1039200A0260C /* HotelsCell.xib */,
			);
			path = HotelsCell;
			sourceTree = "<group>";
		};
		CC5AB88C28B15EED00A0260C /* View */ = {
			isa = PBXGroup;
			children = (
				CC5AB88128B0DCA900A0260C /* HotelsViewController.swift */,
				CC5AB88228B0DCA900A0260C /* HotelsViewController.xib */,
			);
			path = View;
			sourceTree = "<group>";
		};
		CC5AB88D28B15EF500A0260C /* Presenter */ = {
			isa = PBXGroup;
			children = (
				CC5AB88A28B1133B00A0260C /* HotelsPresenter.swift */,
			);
			path = Presenter;
			sourceTree = "<group>";
		};
		CC5AB88E28B15F0600A0260C /* HotelsModule */ = {
			isa = PBXGroup;
			children = (
				CC5AB88D28B15EF500A0260C /* Presenter */,
				CC5AB88C28B15EED00A0260C /* View */,
				CC5AB89128B15F4000A0260C /* Model */,
			);
			path = HotelsModule;
			sourceTree = "<group>";
		};
		CC5AB89128B15F4000A0260C /* Model */ = {
			isa = PBXGroup;
			children = (
				CC5AB88F28B15F2600A0260C /* InfoHotel.swift */,
			);
			path = Model;
			sourceTree = "<group>";
		};
		CC64157128A256390052050E = {
			isa = PBXGroup;
			children = (
				CC64157C28A2563A0052050E /* EasyTrip */,
				CC64157B28A2563A0052050E /* Products */,
			);
			sourceTree = "<group>";
		};
		CC64157B28A2563A0052050E /* Products */ = {
			isa = PBXGroup;
			children = (
				CC64157A28A2563A0052050E /* EasyTrip.app */,
			);
			name = Products;
			sourceTree = "<group>";
		};
		CC64157C28A2563A0052050E /* EasyTrip */ = {
			isa = PBXGroup;
			children = (
				CC64157D28A2563A0052050E /* AppDelegate.swift */,
				CC64157F28A2563A0052050E /* SceneDelegate.swift */,
				CC64159B28A2CFE60052050E /* Constants.swift */,
				CCEBA1C828A84455009C4917 /* HomeModule */,
				CC2BD03428AE23C20031769A /* FlightsModule */,
				CC5AB88E28B15F0600A0260C /* HotelsModule */,
				CCEBA1C528A84409009C4917 /* ModuleBuilder */,
				CC6415A328A2DEF70052050E /* Services */,
				CC6415A428A2DF040052050E /* Protocols */,
				CC6415A128A2DE870052050E /* Models */,
				CC64158328A2563A0052050E /* Main.storyboard */,
				CCCF4B6D28A3D4210041ED9E /* Cells */,
				CC64158628A2563C0052050E /* Assets.xcassets */,
				CC64158828A2563C0052050E /* LaunchScreen.storyboard */,
				CC0E3BE028A44DFE00CD500C /* Info.plist */,
			);
			path = EasyTrip;
			sourceTree = "<group>";
		};
		CC6415A128A2DE870052050E /* Models */ = {
			isa = PBXGroup;
			children = (
				CCCF4B7428A3F3EE0041ED9E /* QueryModels */,
			);
			path = Models;
			sourceTree = "<group>";
		};
		CC6415A228A2DE9B0052050E /* View */ = {
			isa = PBXGroup;
			children = (
				CC64158128A2563A0052050E /* HomeViewController.swift */,
			);
			path = View;
			sourceTree = "<group>";
		};
		CC6415A328A2DEF70052050E /* Services */ = {
			isa = PBXGroup;
			children = (
				CC64159728A27BE60052050E /* AlamofireProvaider.swift */,
			);
			path = Services;
			sourceTree = "<group>";
		};
		CC6415A428A2DF040052050E /* Protocols */ = {
			isa = PBXGroup;
			children = (
				CC64159D28A2D0040052050E /* RestApiProvaiderProtocol.swift */,
			);
			path = Protocols;
			sourceTree = "<group>";
		};
		CCCF4B6D28A3D4210041ED9E /* Cells */ = {
			isa = PBXGroup;
			children = (
				CCCF4B6E28A3D4330041ED9E /* CollectionCells */,
				CCF87B8728A987E300929FA9 /* TableCells */,
			);
			path = Cells;
			sourceTree = "<group>";
		};
		CCCF4B6E28A3D4330041ED9E /* CollectionCells */ = {
			isa = PBXGroup;
			children = (
				CCCF4B6F28A3D4400041ED9E /* PopularFlightsCell */,
				CC5AB88928B103A500A0260C /* HotelsCell */,
			);
			path = CollectionCells;
			sourceTree = "<group>";
		};
		CCCF4B6F28A3D4400041ED9E /* PopularFlightsCell */ = {
			isa = PBXGroup;
			children = (
				CCCF4B7028A3DB930041ED9E /* PopularFlightsCollectionViewCell.swift */,
				CCCF4B7128A3DB930041ED9E /* PopularFlightsCollectionViewCell.xib */,
			);
			path = PopularFlightsCell;
			sourceTree = "<group>";
		};
		CCCF4B7428A3F3EE0041ED9E /* QueryModels */ = {
			isa = PBXGroup;
			children = (
				CC6415A528A2E74E0052050E /* FlightsInfo.swift */,
				CC64159928A28BE80052050E /* PopularFlights.swift */,
				CC64159F28A2DDB30052050E /* HotelsData.swift */,
				CC6415A728A2FE9E0052050E /* ExcursionInfo.swift */,
				CC6415A928A310950052050E /* Autocomplete.swift */,
			);
			path = QueryModels;
			sourceTree = "<group>";
		};
		CCEBA1C428A843D8009C4917 /* Presenter */ = {
			isa = PBXGroup;
			children = (
				CCEBA1C028A7EBB0009C4917 /* Presenter.swift */,
			);
			path = Presenter;
			sourceTree = "<group>";
		};
		CCEBA1C528A84409009C4917 /* ModuleBuilder */ = {
			isa = PBXGroup;
			children = (
				CCEBA1C228A7FB71009C4917 /* ModuleBuilder.swift */,
			);
			path = ModuleBuilder;
			sourceTree = "<group>";
		};
		CCEBA1C628A8441F009C4917 /* Model */ = {
			isa = PBXGroup;
			children = (
				CCCF4B7528A3F40B0041ED9E /* PopularCityDate.swift */,
			);
			path = Model;
			sourceTree = "<group>";
		};
		CCEBA1C828A84455009C4917 /* HomeModule */ = {
			isa = PBXGroup;
			children = (
				CCEBA1C628A8441F009C4917 /* Model */,
				CC6415A228A2DE9B0052050E /* View */,
				CCEBA1C428A843D8009C4917 /* Presenter */,
			);
			path = HomeModule;
			sourceTree = "<group>";
		};
		CCF87B8228A9196700929FA9 /* FlightsViewController */ = {
			isa = PBXGroup;
			children = (
				CCF87B7E28A9195C00929FA9 /* FlightsViewController.swift */,
				CCF87B7F28A9195C00929FA9 /* FlightsViewController.xib */,
			);
			path = FlightsViewController;
			sourceTree = "<group>";
		};
		CCF87B8728A987E300929FA9 /* TableCells */ = {
			isa = PBXGroup;
			children = (
				CCF87B8828A987F300929FA9 /* FlifgtsViewCell */,
			);
			path = TableCells;
			sourceTree = "<group>";
		};
		CCF87B8828A987F300929FA9 /* FlifgtsViewCell */ = {
			isa = PBXGroup;
			children = (
				CCF87B8328A987D700929FA9 /* FlightsViewCell.swift */,
				CCF87B8428A987D700929FA9 /* FlightsViewCell.xib */,
			);
			path = FlifgtsViewCell;
			sourceTree = "<group>";
		};
/* End PBXGroup section */

/* Begin PBXNativeTarget section */
		CC64157928A2563A0052050E /* EasyTrip */ = {
			isa = PBXNativeTarget;
			buildConfigurationList = CC64158E28A2563C0052050E /* Build configuration list for PBXNativeTarget "EasyTrip" */;
			buildPhases = (
				CC64157628A2563A0052050E /* Sources */,
				CC64157728A2563A0052050E /* Frameworks */,
				CC64157828A2563A0052050E /* Resources */,
			);
			buildRules = (
			);
			dependencies = (
			);
			name = EasyTrip;
			packageProductDependencies = (
				CC64159528A27B680052050E /* Alamofire */,
				CC0E3BD528A4493D00CD500C /* Alamofire */,
				CC0E3BE328A44E1C00CD500C /* Alamofire */,
			);
			productName = EasyTrip;
			productReference = CC64157A28A2563A0052050E /* EasyTrip.app */;
			productType = "com.apple.product-type.application";
		};
/* End PBXNativeTarget section */

/* Begin PBXProject section */
		CC64157228A256390052050E /* Project object */ = {
			isa = PBXProject;
			attributes = {
				BuildIndependentTargetsInParallel = 1;
				LastSwiftUpdateCheck = 1340;
				LastUpgradeCheck = 1340;
				TargetAttributes = {
					CC64157928A2563A0052050E = {
						CreatedOnToolsVersion = 13.4.1;
					};
				};
			};
			buildConfigurationList = CC64157528A256390052050E /* Build configuration list for PBXProject "EasyTrip" */;
			compatibilityVersion = "Xcode 13.0";
			developmentRegion = en;
			hasScannedForEncodings = 0;
			knownRegions = (
				en,
				Base,
			);
			mainGroup = CC64157128A256390052050E;
			packageReferences = (
				CC64159428A27B680052050E /* XCRemoteSwiftPackageReference "Alamofire" */,
			);
			productRefGroup = CC64157B28A2563A0052050E /* Products */;
			projectDirPath = "";
			projectRoot = "";
			targets = (
				CC64157928A2563A0052050E /* EasyTrip */,
			);
		};
/* End PBXProject section */

/* Begin PBXResourcesBuildPhase section */
		CC64157828A2563A0052050E /* Resources */ = {
			isa = PBXResourcesBuildPhase;
			buildActionMask = 2147483647;
			files = (
				CCCF4B7328A3DB930041ED9E /* PopularFlightsCollectionViewCell.xib in Resources */,
				CC64158A28A2563C0052050E /* LaunchScreen.storyboard in Resources */,
				CC5AB88428B0DCA900A0260C /* HotelsViewController.xib in Resources */,
				CCF87B8628A987D700929FA9 /* FlightsViewCell.xib in Resources */,
				CC64158728A2563C0052050E /* Assets.xcassets in Resources */,
				CCF87B8128A9195C00929FA9 /* FlightsViewController.xib in Resources */,
				CC5AB88828B1039200A0260C /* HotelsCell.xib in Resources */,
				CC64158528A2563A0052050E /* Main.storyboard in Resources */,
			);
			runOnlyForDeploymentPostprocessing = 0;
		};
/* End PBXResourcesBuildPhase section */

/* Begin PBXSourcesBuildPhase section */
		CC64157628A2563A0052050E /* Sources */ = {
			isa = PBXSourcesBuildPhase;
			buildActionMask = 2147483647;
			files = (
				CCF87B8528A987D700929FA9 /* FlightsViewCell.swift in Sources */,
				CC6415A628A2E74E0052050E /* FlightsInfo.swift in Sources */,
				CC64159A28A28BE80052050E /* PopularFlights.swift in Sources */,
				CC5AB88328B0DCA900A0260C /* HotelsViewController.swift in Sources */,
				CC64158228A2563A0052050E /* HomeViewController.swift in Sources */,
				CC2BD03928AE24440031769A /* InfoFlights.swift in Sources */,
				CC64157E28A2563A0052050E /* AppDelegate.swift in Sources */,
				CCCF4B7228A3DB930041ED9E /* PopularFlightsCollectionViewCell.swift in Sources */,
				CC64159E28A2D0040052050E /* RestApiProvaiderProtocol.swift in Sources */,
				CC6415AA28A310950052050E /* Autocomplete.swift in Sources */,
				CCCF4B7628A3F40B0041ED9E /* PopularCityDate.swift in Sources */,
				CCEBA1C128A7EBB1009C4917 /* Presenter.swift in Sources */,
				CC5AB88728B1039200A0260C /* HotelsCell.swift in Sources */,
				CC6415A028A2DDB30052050E /* HotelsData.swift in Sources */,
				CC6415A828A2FE9E0052050E /* ExcursionInfo.swift in Sources */,
				CC2BD03728AE23FB0031769A /* FlightsPresenter.swift in Sources */,
				CCEBA1C328A7FB71009C4917 /* ModuleBuilder.swift in Sources */,
				CC64158028A2563A0052050E /* SceneDelegate.swift in Sources */,
				CC64159828A27BE60052050E /* AlamofireProvaider.swift in Sources */,
				CC5AB89028B15F2600A0260C /* InfoHotel.swift in Sources */,
				CC5AB88B28B1133B00A0260C /* HotelsPresenter.swift in Sources */,
				CCF87B8028A9195C00929FA9 /* FlightsViewController.swift in Sources */,
				CC64159C28A2CFE60052050E /* Constants.swift in Sources */,
			);
			runOnlyForDeploymentPostprocessing = 0;
		};
/* End PBXSourcesBuildPhase section */

/* Begin PBXVariantGroup section */
		CC64158328A2563A0052050E /* Main.storyboard */ = {
			isa = PBXVariantGroup;
			children = (
				CC64158428A2563A0052050E /* Base */,
			);
			name = Main.storyboard;
			sourceTree = "<group>";
		};
		CC64158828A2563C0052050E /* LaunchScreen.storyboard */ = {
			isa = PBXVariantGroup;
			children = (
				CC64158928A2563C0052050E /* Base */,
			);
			name = LaunchScreen.storyboard;
			sourceTree = "<group>";
		};
/* End PBXVariantGroup section */

/* Begin XCBuildConfiguration section */
		CC64158C28A2563C0052050E /* Debug */ = {
			isa = XCBuildConfiguration;
			buildSettings = {
				ALWAYS_SEARCH_USER_PATHS = NO;
				CLANG_ANALYZER_NONNULL = YES;
				CLANG_ANALYZER_NUMBER_OBJECT_CONVERSION = YES_AGGRESSIVE;
				CLANG_CXX_LANGUAGE_STANDARD = "gnu++17";
				CLANG_ENABLE_MODULES = YES;
				CLANG_ENABLE_OBJC_ARC = YES;
				CLANG_ENABLE_OBJC_WEAK = YES;
				CLANG_WARN_BLOCK_CAPTURE_AUTORELEASING = YES;
				CLANG_WARN_BOOL_CONVERSION = YES;
				CLANG_WARN_COMMA = YES;
				CLANG_WARN_CONSTANT_CONVERSION = YES;
				CLANG_WARN_DEPRECATED_OBJC_IMPLEMENTATIONS = YES;
				CLANG_WARN_DIRECT_OBJC_ISA_USAGE = YES_ERROR;
				CLANG_WARN_DOCUMENTATION_COMMENTS = YES;
				CLANG_WARN_EMPTY_BODY = YES;
				CLANG_WARN_ENUM_CONVERSION = YES;
				CLANG_WARN_INFINITE_RECURSION = YES;
				CLANG_WARN_INT_CONVERSION = YES;
				CLANG_WARN_NON_LITERAL_NULL_CONVERSION = YES;
				CLANG_WARN_OBJC_IMPLICIT_RETAIN_SELF = YES;
				CLANG_WARN_OBJC_LITERAL_CONVERSION = YES;
				CLANG_WARN_OBJC_ROOT_CLASS = YES_ERROR;
				CLANG_WARN_QUOTED_INCLUDE_IN_FRAMEWORK_HEADER = YES;
				CLANG_WARN_RANGE_LOOP_ANALYSIS = YES;
				CLANG_WARN_STRICT_PROTOTYPES = YES;
				CLANG_WARN_SUSPICIOUS_MOVE = YES;
				CLANG_WARN_UNGUARDED_AVAILABILITY = YES_AGGRESSIVE;
				CLANG_WARN_UNREACHABLE_CODE = YES;
				CLANG_WARN__DUPLICATE_METHOD_MATCH = YES;
				COPY_PHASE_STRIP = NO;
				DEBUG_INFORMATION_FORMAT = dwarf;
				ENABLE_STRICT_OBJC_MSGSEND = YES;
				ENABLE_TESTABILITY = YES;
				GCC_C_LANGUAGE_STANDARD = gnu11;
				GCC_DYNAMIC_NO_PIC = NO;
				GCC_NO_COMMON_BLOCKS = YES;
				GCC_OPTIMIZATION_LEVEL = 0;
				GCC_PREPROCESSOR_DEFINITIONS = (
					"DEBUG=1",
					"$(inherited)",
				);
				GCC_WARN_64_TO_32_BIT_CONVERSION = YES;
				GCC_WARN_ABOUT_RETURN_TYPE = YES_ERROR;
				GCC_WARN_UNDECLARED_SELECTOR = YES;
				GCC_WARN_UNINITIALIZED_AUTOS = YES_AGGRESSIVE;
				GCC_WARN_UNUSED_FUNCTION = YES;
				GCC_WARN_UNUSED_VARIABLE = YES;
				INFOPLIST_FILE = "";
				IPHONEOS_DEPLOYMENT_TARGET = 15.5;
				MTL_ENABLE_DEBUG_INFO = INCLUDE_SOURCE;
				MTL_FAST_MATH = YES;
				ONLY_ACTIVE_ARCH = YES;
				SDKROOT = iphoneos;
				SWIFT_ACTIVE_COMPILATION_CONDITIONS = DEBUG;
				SWIFT_OPTIMIZATION_LEVEL = "-Onone";
			};
			name = Debug;
		};
		CC64158D28A2563C0052050E /* Release */ = {
			isa = XCBuildConfiguration;
			buildSettings = {
				ALWAYS_SEARCH_USER_PATHS = NO;
				CLANG_ANALYZER_NONNULL = YES;
				CLANG_ANALYZER_NUMBER_OBJECT_CONVERSION = YES_AGGRESSIVE;
				CLANG_CXX_LANGUAGE_STANDARD = "gnu++17";
				CLANG_ENABLE_MODULES = YES;
				CLANG_ENABLE_OBJC_ARC = YES;
				CLANG_ENABLE_OBJC_WEAK = YES;
				CLANG_WARN_BLOCK_CAPTURE_AUTORELEASING = YES;
				CLANG_WARN_BOOL_CONVERSION = YES;
				CLANG_WARN_COMMA = YES;
				CLANG_WARN_CONSTANT_CONVERSION = YES;
				CLANG_WARN_DEPRECATED_OBJC_IMPLEMENTATIONS = YES;
				CLANG_WARN_DIRECT_OBJC_ISA_USAGE = YES_ERROR;
				CLANG_WARN_DOCUMENTATION_COMMENTS = YES;
				CLANG_WARN_EMPTY_BODY = YES;
				CLANG_WARN_ENUM_CONVERSION = YES;
				CLANG_WARN_INFINITE_RECURSION = YES;
				CLANG_WARN_INT_CONVERSION = YES;
				CLANG_WARN_NON_LITERAL_NULL_CONVERSION = YES;
				CLANG_WARN_OBJC_IMPLICIT_RETAIN_SELF = YES;
				CLANG_WARN_OBJC_LITERAL_CONVERSION = YES;
				CLANG_WARN_OBJC_ROOT_CLASS = YES_ERROR;
				CLANG_WARN_QUOTED_INCLUDE_IN_FRAMEWORK_HEADER = YES;
				CLANG_WARN_RANGE_LOOP_ANALYSIS = YES;
				CLANG_WARN_STRICT_PROTOTYPES = YES;
				CLANG_WARN_SUSPICIOUS_MOVE = YES;
				CLANG_WARN_UNGUARDED_AVAILABILITY = YES_AGGRESSIVE;
				CLANG_WARN_UNREACHABLE_CODE = YES;
				CLANG_WARN__DUPLICATE_METHOD_MATCH = YES;
				COPY_PHASE_STRIP = NO;
				DEBUG_INFORMATION_FORMAT = "dwarf-with-dsym";
				ENABLE_NS_ASSERTIONS = NO;
				ENABLE_STRICT_OBJC_MSGSEND = YES;
				GCC_C_LANGUAGE_STANDARD = gnu11;
				GCC_NO_COMMON_BLOCKS = YES;
				GCC_WARN_64_TO_32_BIT_CONVERSION = YES;
				GCC_WARN_ABOUT_RETURN_TYPE = YES_ERROR;
				GCC_WARN_UNDECLARED_SELECTOR = YES;
				GCC_WARN_UNINITIALIZED_AUTOS = YES_AGGRESSIVE;
				GCC_WARN_UNUSED_FUNCTION = YES;
				GCC_WARN_UNUSED_VARIABLE = YES;
				INFOPLIST_FILE = "";
				IPHONEOS_DEPLOYMENT_TARGET = 15.5;
				MTL_ENABLE_DEBUG_INFO = NO;
				MTL_FAST_MATH = YES;
				SDKROOT = iphoneos;
				SWIFT_COMPILATION_MODE = wholemodule;
				SWIFT_OPTIMIZATION_LEVEL = "-O";
				VALIDATE_PRODUCT = YES;
			};
			name = Release;
		};
		CC64158F28A2563C0052050E /* Debug */ = {
			isa = XCBuildConfiguration;
			buildSettings = {
				ASSETCATALOG_COMPILER_APPICON_NAME = AppIcon;
				ASSETCATALOG_COMPILER_GLOBAL_ACCENT_COLOR_NAME = AccentColor;
				CODE_SIGN_STYLE = Automatic;
				CURRENT_PROJECT_VERSION = 1;
				DEVELOPMENT_TEAM = G6WVNFWBQ8;
				GENERATE_INFOPLIST_FILE = YES;
				INFOPLIST_FILE = EasyTrip/Info.plist;
				INFOPLIST_KEY_NSLocationWhenInUseUsageDescription = "The app wants to use your location";
				INFOPLIST_KEY_UIApplicationSupportsIndirectInputEvents = YES;
				INFOPLIST_KEY_UILaunchStoryboardName = LaunchScreen;
				INFOPLIST_KEY_UIMainStoryboardFile = Main;
				INFOPLIST_KEY_UISupportedInterfaceOrientations_iPad = "UIInterfaceOrientationPortrait UIInterfaceOrientationPortraitUpsideDown UIInterfaceOrientationLandscapeLeft UIInterfaceOrientationLandscapeRight";
				INFOPLIST_KEY_UISupportedInterfaceOrientations_iPhone = "UIInterfaceOrientationPortrait UIInterfaceOrientationLandscapeLeft UIInterfaceOrientationLandscapeRight";
				LD_RUNPATH_SEARCH_PATHS = (
					"$(inherited)",
					"@executable_path/Frameworks",
				);
				MARKETING_VERSION = 1.0;
				PRODUCT_BUNDLE_IDENTIFIER = com.TMSi32.EasyTrip.myApp;
				PRODUCT_NAME = "$(TARGET_NAME)";
				SWIFT_EMIT_LOC_STRINGS = YES;
				SWIFT_VERSION = 5.0;
				TARGETED_DEVICE_FAMILY = "1,2";
			};
			name = Debug;
		};
		CC64159028A2563C0052050E /* Release */ = {
			isa = XCBuildConfiguration;
			buildSettings = {
				ASSETCATALOG_COMPILER_APPICON_NAME = AppIcon;
				ASSETCATALOG_COMPILER_GLOBAL_ACCENT_COLOR_NAME = AccentColor;
				CODE_SIGN_STYLE = Automatic;
				CURRENT_PROJECT_VERSION = 1;
				DEVELOPMENT_TEAM = G6WVNFWBQ8;
				GENERATE_INFOPLIST_FILE = YES;
				INFOPLIST_FILE = EasyTrip/Info.plist;
				INFOPLIST_KEY_NSLocationWhenInUseUsageDescription = "The app wants to use your location";
				INFOPLIST_KEY_UIApplicationSupportsIndirectInputEvents = YES;
				INFOPLIST_KEY_UILaunchStoryboardName = LaunchScreen;
				INFOPLIST_KEY_UIMainStoryboardFile = Main;
				INFOPLIST_KEY_UISupportedInterfaceOrientations_iPad = "UIInterfaceOrientationPortrait UIInterfaceOrientationPortraitUpsideDown UIInterfaceOrientationLandscapeLeft UIInterfaceOrientationLandscapeRight";
				INFOPLIST_KEY_UISupportedInterfaceOrientations_iPhone = "UIInterfaceOrientationPortrait UIInterfaceOrientationLandscapeLeft UIInterfaceOrientationLandscapeRight";
				LD_RUNPATH_SEARCH_PATHS = (
					"$(inherited)",
					"@executable_path/Frameworks",
				);
				MARKETING_VERSION = 1.0;
				PRODUCT_BUNDLE_IDENTIFIER = com.TMSi32.EasyTrip.myApp;
				PRODUCT_NAME = "$(TARGET_NAME)";
				SWIFT_EMIT_LOC_STRINGS = YES;
				SWIFT_VERSION = 5.0;
				TARGETED_DEVICE_FAMILY = "1,2";
			};
			name = Release;
		};
/* End XCBuildConfiguration section */

/* Begin XCConfigurationList section */
		CC64157528A256390052050E /* Build configuration list for PBXProject "EasyTrip" */ = {
			isa = XCConfigurationList;
			buildConfigurations = (
				CC64158C28A2563C0052050E /* Debug */,
				CC64158D28A2563C0052050E /* Release */,
			);
			defaultConfigurationIsVisible = 0;
			defaultConfigurationName = Release;
		};
		CC64158E28A2563C0052050E /* Build configuration list for PBXNativeTarget "EasyTrip" */ = {
			isa = XCConfigurationList;
			buildConfigurations = (
				CC64158F28A2563C0052050E /* Debug */,
				CC64159028A2563C0052050E /* Release */,
			);
			defaultConfigurationIsVisible = 0;
			defaultConfigurationName = Release;
		};
/* End XCConfigurationList section */

/* Begin XCRemoteSwiftPackageReference section */
		CC64159428A27B680052050E /* XCRemoteSwiftPackageReference "Alamofire" */ = {
			isa = XCRemoteSwiftPackageReference;
			repositoryURL = "https://github.com/Alamofire/Alamofire.git";
			requirement = {
				kind = upToNextMajorVersion;
				minimumVersion = 5.0.0;
			};
		};
/* End XCRemoteSwiftPackageReference section */

/* Begin XCSwiftPackageProductDependency section */
		CC0E3BD528A4493D00CD500C /* Alamofire */ = {
			isa = XCSwiftPackageProductDependency;
			package = CC64159428A27B680052050E /* XCRemoteSwiftPackageReference "Alamofire" */;
			productName = Alamofire;
		};
		CC0E3BE328A44E1C00CD500C /* Alamofire */ = {
			isa = XCSwiftPackageProductDependency;
			package = CC64159428A27B680052050E /* XCRemoteSwiftPackageReference "Alamofire" */;
			productName = Alamofire;
		};
		CC64159528A27B680052050E /* Alamofire */ = {
			isa = XCSwiftPackageProductDependency;
			package = CC64159428A27B680052050E /* XCRemoteSwiftPackageReference "Alamofire" */;
			productName = Alamofire;
		};
/* End XCSwiftPackageProductDependency section */
	};
	rootObject = CC64157228A256390052050E /* Project object */;
}
